
Microsoft Visual Studio Solution File, Format Version 12.00
# Visual Studio Version 16
VisualStudioVersion = 16.0.30104.148
MinimumVisualStudioVersion = 10.0.40219.1
Project("{FAE04EC0-301F-11D3-BF4B-00C04F79EFBC}") = "WebApplication1", "WebApplication1\WebApplication1.csproj", "{DE0FA66A-6D95-4EA0-A76E-609C8A2A6D9B}"
EndProject
Global
	GlobalSection(SolutionConfigurationPlatforms) = preSolution
		Debug|Any CPU = Debug|Any CPU
		Release|Any CPU = Release|Any CPU
	EndGlobalSection
	GlobalSection(ProjectConfigurationPlatforms) = postSolution
		{DE0FA66A-6D95-4EA0-A76E-609C8A2A6D9B}.Debug|Any CPU.ActiveCfg = Debug|Any CPU
		{DE0FA66A-6D95-4EA0-A76E-609C8A2A6D9B}.Debug|Any CPU.Build.0 = Debug|Any CPU
		{DE0FA66A-6D95-4EA0-A76E-609C8A2A6D9B}.Release|Any CPU.ActiveCfg = Release|Any CPU
		{DE0FA66A-6D95-4EA0-A76E-609C8A2A6D9B}.Release|Any CPU.Build.0 = Release|Any CPU
	EndGlobalSection
	GlobalSection(SolutionProperties) = preSolution
		HideSolutionNode = FALSE
	EndGlobalSection
	GlobalSection(ExtensibilityGlobals) = postSolution
		SolutionGuid = {48490396-A6D6-429A-99C4-20FEF1878EBD}
	EndGlobalSection
EndGlobal
